
Microsoft Visual Studio Solution File, Format Version 12.00
Project("{FAE04EC0-301F-11D3-BF4B-00C04F79EFBC}") = "sovmm-backend", "sovmm-backend.csproj", "{5BBB423A-39DE-408E-98C5-081D26E3CA8E}"
EndProject
Global
	GlobalSection(SolutionConfigurationPlatforms) = preSolution
		Debug|Any CPU = Debug|Any CPU
		Release|Any CPU = Release|Any CPU
	EndGlobalSection
	GlobalSection(ProjectConfigurationPlatforms) = postSolution
		{5BBB423A-39DE-408E-98C5-081D26E3CA8E}.Debug|Any CPU.ActiveCfg = Debug|Any CPU
		{5BBB423A-39DE-408E-98C5-081D26E3CA8E}.Debug|Any CPU.Build.0 = Debug|Any CPU
		{5BBB423A-39DE-408E-98C5-081D26E3CA8E}.Release|Any CPU.ActiveCfg = Release|Any CPU
		{5BBB423A-39DE-408E-98C5-081D26E3CA8E}.Release|Any CPU.Build.0 = Release|Any CPU
	EndGlobalSection
EndGlobal
